
Microsoft Visual Studio Solution File, Format Version 12.00
# Visual Studio Version 17
VisualStudioVersion = 17.6.33815.320
MinimumVisualStudioVersion = 10.0.40219.1
Project("{FAE04EC0-301F-11D3-BF4B-00C04F79EFBC}") = "WebLibrary.API", "WebLibrary.API\WebLibrary.API.csproj", "{2652393E-C0F9-4ADF-89EE-503688914F08}"
EndProject
Project("{FAE04EC0-301F-11D3-BF4B-00C04F79EFBC}") = "WebLibrary.DAL", "WebLibrary.DAL\WebLibrary.DAL.csproj", "{6EEB22BD-0989-4150-93C8-8B9A06818F71}"
EndProject
Project("{FAE04EC0-301F-11D3-BF4B-00C04F79EFBC}") = "WebLibrary.Domain", "WebLibrary.Domain\WebLibrary.Domain.csproj", "{B84FF0A8-7E12-411D-BA6C-B591CCEA31A7}"
EndProject
Global
	GlobalSection(SolutionConfigurationPlatforms) = preSolution
		Debug|Any CPU = Debug|Any CPU
		Release|Any CPU = Release|Any CPU
	EndGlobalSection
	GlobalSection(ProjectConfigurationPlatforms) = postSolution
		{2652393E-C0F9-4ADF-89EE-503688914F08}.Debug|Any CPU.ActiveCfg = Debug|Any CPU
		{2652393E-C0F9-4ADF-89EE-503688914F08}.Debug|Any CPU.Build.0 = Debug|Any CPU
		{2652393E-C0F9-4ADF-89EE-503688914F08}.Release|Any CPU.ActiveCfg = Release|Any CPU
		{2652393E-C0F9-4ADF-89EE-503688914F08}.Release|Any CPU.Build.0 = Release|Any CPU
		{6EEB22BD-0989-4150-93C8-8B9A06818F71}.Debug|Any CPU.ActiveCfg = Debug|Any CPU
		{6EEB22BD-0989-4150-93C8-8B9A06818F71}.Debug|Any CPU.Build.0 = Debug|Any CPU
		{6EEB22BD-0989-4150-93C8-8B9A06818F71}.Release|Any CPU.ActiveCfg = Release|Any CPU
		{6EEB22BD-0989-4150-93C8-8B9A06818F71}.Release|Any CPU.Build.0 = Release|Any CPU
		{B84FF0A8-7E12-411D-BA6C-B591CCEA31A7}.Debug|Any CPU.ActiveCfg = Debug|Any CPU
		{B84FF0A8-7E12-411D-BA6C-B591CCEA31A7}.Debug|Any CPU.Build.0 = Debug|Any CPU
		{B84FF0A8-7E12-411D-BA6C-B591CCEA31A7}.Release|Any CPU.ActiveCfg = Release|Any CPU
		{B84FF0A8-7E12-411D-BA6C-B591CCEA31A7}.Release|Any CPU.Build.0 = Release|Any CPU
	EndGlobalSection
	GlobalSection(SolutionProperties) = preSolution
		HideSolutionNode = FALSE
	EndGlobalSection
	GlobalSection(ExtensibilityGlobals) = postSolution
		SolutionGuid = {D7C07BC2-F31E-470F-A1A0-9E596472416E}
	EndGlobalSection
EndGlobal
